
Microsoft Visual Studio Solution File, Format Version 12.00
# Visual Studio Version 16
VisualStudioVersion = 16.0.29926.136
MinimumVisualStudioVersion = 10.0.40219.1
Project("{2150E333-8FDC-42A3-9474-1A3956D46DE8}") = "Solution Items", "Solution Items", "{5372ABE8-3169-4A40-A565-96067AE76343}"
	ProjectSection(SolutionItems) = preProject
		..\Brain.cs = ..\Brain.cs
		..\Cell.cs = ..\Cell.cs
		..\Neuron.cs = ..\Neuron.cs
	EndProjectSection
EndProject
Global
	GlobalSection(SolutionProperties) = preSolution
		HideSolutionNode = FALSE
	EndGlobalSection
	GlobalSection(ExtensibilityGlobals) = postSolution
		SolutionGuid = {1569C563-BA91-45C4-B7CA-770DD2E1244E}
	EndGlobalSection
EndGlobal
